
Microsoft Visual Studio Solution File, Format Version 12.00
# Visual Studio Version 17
VisualStudioVersion = 17.13.35931.197
MinimumVisualStudioVersion = 10.0.40219.1
Project("{FAE04EC0-301F-11D3-BF4B-00C04F79EFBC}") = "Jcf.AM.Control.Api", "Jcf.AM.Control.Api\Jcf.AM.Control.Api.csproj", "{1E601823-4F1F-4213-9BE0-011811B9C902}"
EndProject
Project("{FAE04EC0-301F-11D3-BF4B-00C04F79EFBC}") = "Jcf.AM.Control.Test", "Jcf.AM.Control.Test\Jcf.AM.Control.Test.csproj", "{8635D5BC-B2A6-4248-8DFC-A259619D9F42}"
EndProject
Global
	GlobalSection(SolutionConfigurationPlatforms) = preSolution
		Debug|Any CPU = Debug|Any CPU
		Release|Any CPU = Release|Any CPU
	EndGlobalSection
	GlobalSection(ProjectConfigurationPlatforms) = postSolution
		{1E601823-4F1F-4213-9BE0-011811B9C902}.Debug|Any CPU.ActiveCfg = Debug|Any CPU
		{1E601823-4F1F-4213-9BE0-011811B9C902}.Debug|Any CPU.Build.0 = Debug|Any CPU
		{1E601823-4F1F-4213-9BE0-011811B9C902}.Release|Any CPU.ActiveCfg = Release|Any CPU
		{1E601823-4F1F-4213-9BE0-011811B9C902}.Release|Any CPU.Build.0 = Release|Any CPU
		{8635D5BC-B2A6-4248-8DFC-A259619D9F42}.Debug|Any CPU.ActiveCfg = Debug|Any CPU
		{8635D5BC-B2A6-4248-8DFC-A259619D9F42}.Debug|Any CPU.Build.0 = Debug|Any CPU
		{8635D5BC-B2A6-4248-8DFC-A259619D9F42}.Release|Any CPU.ActiveCfg = Release|Any CPU
		{8635D5BC-B2A6-4248-8DFC-A259619D9F42}.Release|Any CPU.Build.0 = Release|Any CPU
	EndGlobalSection
	GlobalSection(SolutionProperties) = preSolution
		HideSolutionNode = FALSE
	EndGlobalSection
	GlobalSection(ExtensibilityGlobals) = postSolution
		SolutionGuid = {362040AA-E768-42F9-8F90-6AE99D6B3F2D}
	EndGlobalSection
EndGlobal
